{
  "name": "@liquid-carrot/example.flappy-bird",
  "version": "0.0.0",
  "lockfileVersion": 1,
  "requires": true,
  "dependencies": {
    "@liquid-carrot/carrot": {
      "version": "0.2.22",
      "resolved": "https://registry.npmjs.org/@liquid-carrot/carrot/-/carrot-0.2.22.tgz",
      "integrity": "sha512-jPzaWql2VILVHk3mFudzQYF4Q/SCmVTW4LFRMmNwgWQkzutWvdAWaQTnL2iVGH2dFjx94DCdR4UElUnKtTh97A==",
      "requires": {
        "bignumber.js": "^8.1.1",
        "lodash": "^4.17.11"
      }
    },
    "bignumber.js": {
      "version": "8.1.1",
      "resolved": "https://registry.npmjs.org/bignumber.js/-/bignumber.js-8.1.1.tgz",
      "integrity": "sha512-QD46ppGintwPGuL1KqmwhR0O+N2cZUg8JG/VzwI2e28sM9TqHjQB10lI4QAaMHVbLzwVLLAwEglpKPViWX+5NQ=="
    },
    "lodash": {
      "version": "4.17.11",
      "resolved": "https://registry.npmjs.org/lodash/-/lodash-4.17.11.tgz",
      "integrity": "sha512-cQKh8igo5QUhZ7lg38DYWAxMvjSAKG0A8wGSVimP07SIUEK2UO+arSRKbRZWtelMtN5V0Hkwh5ryOto/SshYIg=="
    }
  }
}
